Microsoft Visual Studio Solution File, Format Version 11.00
# Visual Studio 2008

Project("{A146FAFB-A55F-E105-A100-18143703C1B8}") = "ConcentriX", "Assembly-CSharp.csproj", "{E8244755-1E32-4F4F-741A-B5A64260F9E3}"
EndProject
Global
	GlobalSection(SolutionConfigurationPlatforms) = preSolution
		Debug|Any CPU = Debug|Any CPU
		Release|Any CPU = Release|Any CPU
	EndGlobalSection
	GlobalSection(ProjectConfigurationPlatforms) = postSolution
		{E8244755-1E32-4F4F-741A-B5A64260F9E3}.Debug|Any CPU.ActiveCfg = Debug|Any CPU
		{E8244755-1E32-4F4F-741A-B5A64260F9E3}.Debug|Any CPU.Build.0 = Debug|Any CPU
		{E8244755-1E32-4F4F-741A-B5A64260F9E3}.Release|Any CPU.ActiveCfg = Release|Any CPU
		{E8244755-1E32-4F4F-741A-B5A64260F9E3}.Release|Any CPU.Build.0 = Release|Any CPU
	EndGlobalSection
	GlobalSection(SolutionProperties) = preSolution
		HideSolutionNode = FALSE
	EndGlobalSection
	GlobalSection(MonoDevelopProperties) = preSolution
		StartupItem = Assembly-CSharp.csproj
	EndGlobalSection
EndGlobal
